// !$*UTF8*$!
{
	archiveVersion = 1;
	classes = {
	};
	objectVersion = 50;
	objects = {

/* Begin PBXBuildFile section */
		7710685A2769CC0B00003277 /* AppDelegate.swift in Sources */ = {isa = PBXBuildFile; fileRef = 771068592769CC0B00003277 /* AppDelegate.swift */; };
		7710685C2769CC0B00003277 /* SceneDelegate.swift in Sources */ = {isa = PBXBuildFile; fileRef = 7710685B2769CC0B00003277 /* SceneDelegate.swift */; };
		7710685E2769CC0B00003277 /* ViewController.swift in Sources */ = {isa = PBXBuildFile; fileRef = 7710685D2769CC0B00003277 /* ViewController.swift */; };
		771068612769CC0B00003277 /* Main.storyboard in Resources */ = {isa = PBXBuildFile; fileRef = 7710685F2769CC0B00003277 /* Main.storyboard */; };
		771068642769CC0B00003277 /* CoreDataExample101.xcdatamodeld in Sources */ = {isa = PBXBuildFile; fileRef = 771068622769CC0B00003277 /* CoreDataExample101.xcdatamodeld */; };
		771068662769CC0D00003277 /* Assets.xcassets in Resources */ = {isa = PBXBuildFile; fileRef = 771068652769CC0D00003277 /* Assets.xcassets */; };
		771068692769CC0D00003277 /* LaunchScreen.storyboard in Resources */ = {isa = PBXBuildFile; fileRef = 771068672769CC0D00003277 /* LaunchScreen.storyboard */; };
		77E5667B276DC19A00E23ECD /* DBOperations.swift in Sources */ = {isa = PBXBuildFile; fileRef = 77E5667A276DC19A00E23ECD /* DBOperations.swift */; };
		77E5667D276DC80100E23ECD /* UserExt.swift in Sources */ = {isa = PBXBuildFile; fileRef = 77E5667C276DC80100E23ECD /* UserExt.swift */; };
/* End PBXBuildFile section */

/* Begin PBXFileReference section */
		771068562769CC0A00003277 /* CoreDataExample101.app */ = {isa = PBXFileReference; explicitFileType = wrapper.application; includeInIndex = 0; path = CoreDataExample101.app; sourceTree = BUILT_PRODUCTS_DIR; };
		771068592769CC0B00003277 /* AppDelegate.swift */ = {isa = PBXFileReference; lastKnownFileType = sourcecode.swift; path = AppDelegate.swift; sourceTree = "<group>"; };
		7710685B2769CC0B00003277 /* SceneDelegate.swift */ = {isa = PBXFileReference; lastKnownFileType = sourcecode.swift; path = SceneDelegate.swift; sourceTree = "<group>"; };
		7710685D2769CC0B00003277 /* ViewController.swift */ = {isa = PBXFileReference; lastKnownFileType = sourcecode.swift; path = ViewController.swift; sourceTree = "<group>"; };
		771068602769CC0B00003277 /* Base */ = {isa = PBXFileReference; lastKnownFileType = file.storyboard; name = Base; path = Base.lproj/Main.storyboard; sourceTree = "<group>"; };
		771068632769CC0B00003277 /* CoreDataExample101.xcdatamodel */ = {isa = PBXFileReference; lastKnownFileType = wrapper.xcdatamodel; path = CoreDataExample101.xcdatamodel; sourceTree = "<group>"; };
		771068652769CC0D00003277 /* Assets.xcassets */ = {isa = PBXFileReference; lastKnownFileType = folder.assetcatalog; path = Assets.xcassets; sourceTree = "<group>"; };
		771068682769CC0D00003277 /* Base */ = {isa = PBXFileReference; lastKnownFileType = file.storyboard; name = Base; path = Base.lproj/LaunchScreen.storyboard; sourceTree = "<group>"; };
		7710686A2769CC0D00003277 /* Info.plist */ = {isa = PBXFileReference; lastKnownFileType = text.plist.xml; path = Info.plist; sourceTree = "<group>"; };
		77E5667A276DC19A00E23ECD /* DBOperations.swift */ = {isa = PBXFileReference; lastKnownFileType = sourcecode.swift; path = DBOperations.swift; sourceTree = "<group>"; };
		77E5667C276DC80100E23ECD /* UserExt.swift */ = {isa = PBXFileReference; lastKnownFileType = sourcecode.swift; path = UserExt.swift; sourceTree = "<group>"; };
/* End PBXFileReference section */

/* Begin PBXFrameworksBuildPhase section */
		771068532769CC0A00003277 /* Frameworks */ = {
			isa = PBXFrameworksBuildPhase;
			buildActionMask = 2147483647;
			files = (
			);
			runOnlyForDeploymentPostprocessing = 0;
		};
/* End PBXFrameworksBuildPhase section */

/* Begin PBXGroup section */
		7710684D2769CC0A00003277 = {
			isa = PBXGroup;
			children = (
				771068582769CC0B00003277 /* CoreDataExample101 */,
				771068572769CC0A00003277 /* Products */,
			);
			sourceTree = "<group>";
		};
		771068572769CC0A00003277 /* Products */ = {
			isa = PBXGroup;
			children = (
				771068562769CC0A00003277 /* CoreDataExample101.app */,
			);
			name = Products;
			sourceTree = "<group>";
		};
		771068582769CC0B00003277 /* CoreDataExample101 */ = {
			isa = PBXGroup;
			children = (
				77E56679276DC18600E23ECD /* DBOperations */,
				771068592769CC0B00003277 /* AppDelegate.swift */,
				7710685B2769CC0B00003277 /* SceneDelegate.swift */,
				7710685D2769CC0B00003277 /* ViewController.swift */,
				7710685F2769CC0B00003277 /* Main.storyboard */,
				771068652769CC0D00003277 /* Assets.xcassets */,
				771068672769CC0D00003277 /* LaunchScreen.storyboard */,
				7710686A2769CC0D00003277 /* Info.plist */,
				771068622769CC0B00003277 /* CoreDataExample101.xcdatamodeld */,
				77E5667C276DC80100E23ECD /* UserExt.swift */,
			);
			path = CoreDataExample101;
			sourceTree = "<group>";
		};
		77E56679276DC18600E23ECD /* DBOperations */ = {
			isa = PBXGroup;
			children = (
				77E5667A276DC19A00E23ECD /* DBOperations.swift */,
			);
			path = DBOperations;
			sourceTree = "<group>";
		};
/* End PBXGroup section */

/* Begin PBXNativeTarget section */
		771068552769CC0A00003277 /* CoreDataExample101 */ = {
			isa = PBXNativeTarget;
			buildConfigurationList = 7710686D2769CC0D00003277 /* Build configuration list for PBXNativeTarget "CoreDataExample101" */;
			buildPhases = (
				771068522769CC0A00003277 /* Sources */,
				771068532769CC0A00003277 /* Frameworks */,
				771068542769CC0A00003277 /* Resources */,
			);
			buildRules = (
			);
			dependencies = (
			);
			name = CoreDataExample101;
			productName = CoreDataExample101;
			productReference = 771068562769CC0A00003277 /* CoreDataExample101.app */;
			productType = "com.apple.product-type.application";
		};
/* End PBXNativeTarget section */

/* Begin PBXProject section */
		7710684E2769CC0A00003277 /* Project object */ = {
			isa = PBXProject;
			attributes = {
				LastSwiftUpdateCheck = 1250;
				LastUpgradeCheck = 1250;
				TargetAttributes = {
					771068552769CC0A00003277 = {
						CreatedOnToolsVersion = 12.5;
					};
				};
			};
			buildConfigurationList = 771068512769CC0A00003277 /* Build configuration list for PBXProject "CoreDataExample101" */;
			compatibilityVersion = "Xcode 9.3";
			developmentRegion = en;
			hasScannedForEncodings = 0;
			knownRegions = (
				en,
				Base,
			);
			mainGroup = 7710684D2769CC0A00003277;
			productRefGroup = 771068572769CC0A00003277 /* Products */;
			projectDirPath = "";
			projectRoot = "";
			targets = (
				771068552769CC0A00003277 /* CoreDataExample101 */,
			);
		};
/* End PBXProject section */

/* Begin PBXResourcesBuildPhase section */
		771068542769CC0A00003277 /* Resources */ = {
			isa = PBXResourcesBuildPhase;
			buildActionMask = 2147483647;
			files = (
				771068692769CC0D00003277 /* LaunchScreen.storyboard in Resources */,
				771068662769CC0D00003277 /* Assets.xcassets in Resources */,
				771068612769CC0B00003277 /* Main.storyboard in Resources */,
			);
			runOnlyForDeploymentPostprocessing = 0;
		};
/* End PBXResourcesBuildPhase section */

/* Begin PBXSourcesBuildPhase section */
		771068522769CC0A00003277 /* Sources */ = {
			isa = PBXSourcesBuildPhase;
			buildActionMask = 2147483647;
			files = (
				771068642769CC0B00003277 /* CoreDataExample101.xcdatamodeld in Sources */,
				7710685E2769CC0B00003277 /* ViewController.swift in Sources */,
				7710685A2769CC0B00003277 /* AppDelegate.swift in Sources */,
				7710685C2769CC0B00003277 /* SceneDelegate.swift in Sources */,
				77E5667D276DC80100E23ECD /* UserExt.swift in Sources */,
				77E5667B276DC19A00E23ECD /* DBOperations.swift in Sources */,
			);
			runOnlyForDeploymentPostprocessing = 0;
		};
/* End PBXSourcesBuildPhase section */

/* Begin PBXVariantGroup section */
		7710685F2769CC0B00003277 /* Main.storyboard */ = {
			isa = PBXVariantGroup;
			children = (
				771068602769CC0B00003277 /* Base */,
			);
			name = Main.storyboard;
			sourceTree = "<group>";
		};
		771068672769CC0D00003277 /* LaunchScreen.storyboard */ = {
			isa = PBXVariantGroup;
			children = (
				771068682769CC0D00003277 /* Base */,
			);
			name = LaunchScreen.storyboard;
			sourceTree = "<group>";
		};
/* End PBXVariantGroup section */

/* Begin XCBuildConfiguration section */
		7710686B2769CC0D00003277 /* Debug */ = {
			isa = XCBuildConfiguration;
			buildSettings = {
				ALWAYS_SEARCH_USER_PATHS = NO;
				CLANG_ANALYZER_NONNULL = YES;
				CLANG_ANALYZER_NUMBER_OBJECT_CONVERSION = YES_AGGRESSIVE;
				CLANG_CXX_LANGUAGE_STANDARD = "gnu++14";
				CLANG_CXX_LIBRARY = "libc++";
				CLANG_ENABLE_MODULES = YES;
				CLANG_ENABLE_OBJC_ARC = YES;
				CLANG_ENABLE_OBJC_WEAK = YES;
				CLANG_WARN_BLOCK_CAPTURE_AUTORELEASING = YES;
				CLANG_WARN_BOOL_CONVERSION = YES;
				CLANG_WARN_COMMA = YES;
				CLANG_WARN_CONSTANT_CONVERSION = YES;
				CLANG_WARN_DEPRECATED_OBJC_IMPLEMENTATIONS = YES;
				CLANG_WARN_DIRECT_OBJC_ISA_USAGE = YES_ERROR;
				CLANG_WARN_DOCUMENTATION_COMMENTS = YES;
				CLANG_WARN_EMPTY_BODY = YES;
				CLANG_WARN_ENUM_CONVERSION = YES;
				CLANG_WARN_INFINITE_RECURSION = YES;
				CLANG_WARN_INT_CONVERSION = YES;
				CLANG_WARN_NON_LITERAL_NULL_CONVERSION = YES;
				CLANG_WARN_OBJC_IMPLICIT_RETAIN_SELF = YES;
				CLANG_WARN_OBJC_LITERAL_CONVERSION = YES;
				CLANG_WARN_OBJC_ROOT_CLASS = YES_ERROR;
				CLANG_WARN_QUOTED_INCLUDE_IN_FRAMEWORK_HEADER = YES;
				CLANG_WARN_RANGE_LOOP_ANALYSIS = YES;
				CLANG_WARN_STRICT_PROTOTYPES = YES;
				CLANG_WARN_SUSPICIOUS_MOVE = YES;
				CLANG_WARN_UNGUARDED_AVAILABILITY = YES_AGGRESSIVE;
				CLANG_WARN_UNREACHABLE_CODE = YES;
				CLANG_WARN__DUPLICATE_METHOD_MATCH = YES;
				COPY_PHASE_STRIP = NO;
				DEBUG_INFORMATION_FORMAT = dwarf;
				ENABLE_STRICT_OBJC_MSGSEND = YES;
				ENABLE_TESTABILITY = YES;
				GCC_C_LANGUAGE_STANDARD = gnu11;
				GCC_DYNAMIC_NO_PIC = NO;
				GCC_NO_COMMON_BLOCKS = YES;
				GCC_OPTIMIZATION_LEVEL = 0;
				GCC_PREPROCESSOR_DEFINITIONS = (
					"DEBUG=1",
					"$(inherited)",
				);
				GCC_WARN_64_TO_32_BIT_CONVERSION = YES;
				GCC_WARN_ABOUT_RETURN_TYPE = YES_ERROR;
				GCC_WARN_UNDECLARED_SELECTOR = YES;
				GCC_WARN_UNINITIALIZED_AUTOS = YES_AGGRESSIVE;
				GCC_WARN_UNUSED_FUNCTION = YES;
				GCC_WARN_UNUSED_VARIABLE = YES;
				IPHONEOS_DEPLOYMENT_TARGET = 14.5;
				MTL_ENABLE_DEBUG_INFO = INCLUDE_SOURCE;
				MTL_FAST_MATH = YES;
				ONLY_ACTIVE_ARCH = YES;
				SDKROOT = iphoneos;
				SWIFT_ACTIVE_COMPILATION_CONDITIONS = DEBUG;
				SWIFT_OPTIMIZATION_LEVEL = "-Onone";
			};
			name = Debug;
		};
		7710686C2769CC0D00003277 /* Release */ = {
			isa = XCBuildConfiguration;
			buildSettings = {
				ALWAYS_SEARCH_USER_PATHS = NO;
				CLANG_ANALYZER_NONNULL = YES;
				CLANG_ANALYZER_NUMBER_OBJECT_CONVERSION = YES_AGGRESSIVE;
				CLANG_CXX_LANGUAGE_STANDARD = "gnu++14";
				CLANG_CXX_LIBRARY = "libc++";
				CLANG_ENABLE_MODULES = YES;
				CLANG_ENABLE_OBJC_ARC = YES;
				CLANG_ENABLE_OBJC_WEAK = YES;
				CLANG_WARN_BLOCK_CAPTURE_AUTORELEASING = YES;
				CLANG_WARN_BOOL_CONVERSION = YES;
				CLANG_WARN_COMMA = YES;
				CLANG_WARN_CONSTANT_CONVERSION = YES;
				CLANG_WARN_DEPRECATED_OBJC_IMPLEMENTATIONS = YES;
				CLANG_WARN_DIRECT_OBJC_ISA_USAGE = YES_ERROR;
				CLANG_WARN_DOCUMENTATION_COMMENTS = YES;
				CLANG_WARN_EMPTY_BODY = YES;
				CLANG_WARN_ENUM_CONVERSION = YES;
				CLANG_WARN_INFINITE_RECURSION = YES;
				CLANG_WARN_INT_CONVERSION = YES;
				CLANG_WARN_NON_LITERAL_NULL_CONVERSION = YES;
				CLANG_WARN_OBJC_IMPLICIT_RETAIN_SELF = YES;
				CLANG_WARN_OBJC_LITERAL_CONVERSION = YES;
				CLANG_WARN_OBJC_ROOT_CLASS = YES_ERROR;
				CLANG_WARN_QUOTED_INCLUDE_IN_FRAMEWORK_HEADER = YES;
				CLANG_WARN_RANGE_LOOP_ANALYSIS = YES;
				CLANG_WARN_STRICT_PROTOTYPES = YES;
				CLANG_WARN_SUSPICIOUS_MOVE = YES;
				CLANG_WARN_UNGUARDED_AVAILABILITY = YES_AGGRESSIVE;
				CLANG_WARN_UNREACHABLE_CODE = YES;
				CLANG_WARN__DUPLICATE_METHOD_MATCH = YES;
				COPY_PHASE_STRIP = NO;
				DEBUG_INFORMATION_FORMAT = "dwarf-with-dsym";
				ENABLE_NS_ASSERTIONS = NO;
				ENABLE_STRICT_OBJC_MSGSEND = YES;
				GCC_C_LANGUAGE_STANDARD = gnu11;
				GCC_NO_COMMON_BLOCKS = YES;
				GCC_WARN_64_TO_32_BIT_CONVERSION = YES;
				GCC_WARN_ABOUT_RETURN_TYPE = YES_ERROR;
				GCC_WARN_UNDECLARED_SELECTOR = YES;
				GCC_WARN_UNINITIALIZED_AUTOS = YES_AGGRESSIVE;
				GCC_WARN_UNUSED_FUNCTION = YES;
				GCC_WARN_UNUSED_VARIABLE = YES;
				IPHONEOS_DEPLOYMENT_TARGET = 14.5;
				MTL_ENABLE_DEBUG_INFO = NO;
				MTL_FAST_MATH = YES;
				SDKROOT = iphoneos;
				SWIFT_COMPILATION_MODE = wholemodule;
				SWIFT_OPTIMIZATION_LEVEL = "-O";
				VALIDATE_PRODUCT = YES;
			};
			name = Release;
		};
		7710686E2769CC0D00003277 /* Debug */ = {
			isa = XCBuildConfiguration;
			buildSettings = {
				ASSETCATALOG_COMPILER_APPICON_NAME = AppIcon;
				ASSETCATALOG_COMPILER_GLOBAL_ACCENT_COLOR_NAME = AccentColor;
				CODE_SIGN_STYLE = Automatic;
				DEVELOPMENT_TEAM = E8G2KPMF2N;
				INFOPLIST_FILE = CoreDataExample101/Info.plist;
				LD_RUNPATH_SEARCH_PATHS = (
					"$(inherited)",
					"@executable_path/Frameworks",
				);
				PRODUCT_BUNDLE_IDENTIFIER = com.aaqsoftwate.CoreDataExample101;
				PRODUCT_NAME = "$(TARGET_NAME)";
				SWIFT_VERSION = 5.0;
				TARGETED_DEVICE_FAMILY = "1,2";
			};
			name = Debug;
		};
		7710686F2769CC0D00003277 /* Release */ = {
			isa = XCBuildConfiguration;
			buildSettings = {
				ASSETCATALOG_COMPILER_APPICON_NAME = AppIcon;
				ASSETCATALOG_COMPILER_GLOBAL_ACCENT_COLOR_NAME = AccentColor;
				CODE_SIGN_STYLE = Automatic;
				DEVELOPMENT_TEAM = E8G2KPMF2N;
				INFOPLIST_FILE = CoreDataExample101/Info.plist;
				LD_RUNPATH_SEARCH_PATHS = (
					"$(inherited)",
					"@executable_path/Frameworks",
				);
				PRODUCT_BUNDLE_IDENTIFIER = com.aaqsoftwate.CoreDataExample101;
				PRODUCT_NAME = "$(TARGET_NAME)";
				SWIFT_VERSION = 5.0;
				TARGETED_DEVICE_FAMILY = "1,2";
			};
			name = Release;
		};
/* End XCBuildConfiguration section */

/* Begin XCConfigurationList section */
		771068512769CC0A00003277 /* Build configuration list for PBXProject "CoreDataExample101" */ = {
			isa = XCConfigurationList;
			buildConfigurations = (
				7710686B2769CC0D00003277 /* Debug */,
				7710686C2769CC0D00003277 /* Release */,
			);
			defaultConfigurationIsVisible = 0;
			defaultConfigurationName = Release;
		};
		7710686D2769CC0D00003277 /* Build configuration list for PBXNativeTarget "CoreDataExample101" */ = {
			isa = XCConfigurationList;
			buildConfigurations = (
				7710686E2769CC0D00003277 /* Debug */,
				7710686F2769CC0D00003277 /* Release */,
			);
			defaultConfigurationIsVisible = 0;
			defaultConfigurationName = Release;
		};
/* End XCConfigurationList section */

/* Begin XCVersionGroup section */
		771068622769CC0B00003277 /* CoreDataExample101.xcdatamodeld */ = {
			isa = XCVersionGroup;
			children = (
				771068632769CC0B00003277 /* CoreDataExample101.xcdatamodel */,
			);
			currentVersion = 771068632769CC0B00003277 /* CoreDataExample101.xcdatamodel */;
			path = CoreDataExample101.xcdatamodeld;
			sourceTree = "<group>";
			versionGroupType = wrapper.xcdatamodel;
		};
/* End XCVersionGroup section */
	};
	rootObject = 7710684E2769CC0A00003277 /* Project object */;
}
